
Microsoft Visual Studio Solution File, Format Version 12.00
# Visual Studio Version 16
VisualStudioVersion = 16.0.29609.76
MinimumVisualStudioVersion = 10.0.40219.1
Project("{9A19103F-16F7-4668-BE54-9A1E7A4F7556}") = "DistinctValues", "DistinctValues\DistinctValues.csproj", "{05165148-CA7D-47A1-975C-0B342CC7CAF3}"
EndProject
Project("{FAE04EC0-301F-11D3-BF4B-00C04F79EFBC}") = "DistinctValuesTests", "DistinctValuesTests\DistinctValuesTests.csproj", "{FACE27FC-441C-458F-98EB-C4BB26BF9332}"
EndProject
Global
	GlobalSection(SolutionConfigurationPlatforms) = preSolution
		Debug|Any CPU = Debug|Any CPU
		Release|Any CPU = Release|Any CPU
	EndGlobalSection
	GlobalSection(ProjectConfigurationPlatforms) = postSolution
		{05165148-CA7D-47A1-975C-0B342CC7CAF3}.Debug|Any CPU.ActiveCfg = Debug|Any CPU
		{05165148-CA7D-47A1-975C-0B342CC7CAF3}.Debug|Any CPU.Build.0 = Debug|Any CPU
		{05165148-CA7D-47A1-975C-0B342CC7CAF3}.Release|Any CPU.ActiveCfg = Release|Any CPU
		{05165148-CA7D-47A1-975C-0B342CC7CAF3}.Release|Any CPU.Build.0 = Release|Any CPU
		{FACE27FC-441C-458F-98EB-C4BB26BF9332}.Debug|Any CPU.ActiveCfg = Debug|Any CPU
		{FACE27FC-441C-458F-98EB-C4BB26BF9332}.Debug|Any CPU.Build.0 = Debug|Any CPU
		{FACE27FC-441C-458F-98EB-C4BB26BF9332}.Release|Any CPU.ActiveCfg = Release|Any CPU
		{FACE27FC-441C-458F-98EB-C4BB26BF9332}.Release|Any CPU.Build.0 = Release|Any CPU
	EndGlobalSection
	GlobalSection(SolutionProperties) = preSolution
		HideSolutionNode = FALSE
	EndGlobalSection
	GlobalSection(ExtensibilityGlobals) = postSolution
		SolutionGuid = {4A639704-619C-438A-B65A-82CB74C945BE}
	EndGlobalSection
EndGlobal
